github.com/creachadair/atomicfile v0.2.8 h1:koFZzO/Byf4wRJIf1cvLmlXI7QPnR+pLushHhtTdXB8=
github.com/creachadair/atomicfile v0.2.8/go.mod h1:Tb31RroXn8ESlNsY/FzDFoKSL1mzdHemTDNL9V1Ml4M=
github.com/creachadair/command v0.0.0-20230205181012-a3a7f6690378 h1:ayB9FiN5ggLC8cRJ1DpBz7zTyWIqmlwiLsZGQlHn2OI=
github.com/creachadair/command v0.0.0-20230205181012-a3a7f6690378/go.mod h1:E4rDY2agq/HFjdmeTqf3kP8ubiq7DZHC4dTjQA2LcB8=
github.com/creachadair/twitter v0.0.0-20230205181832-dc2bfa850c41 h1:mgnyjYBRf+jVfAUVhiC+I78PitkAqWXnZ2RBUNalpks=
github.com/creachadair/twitter v0.0.0-20230205181832-dc2bfa850c41/go.mod h1:KtcgUl9tB/LWZHGnxGNN2R+tKaiaIMMMnZzR5jsdBuw=
github.com/dnaeon/go-vcr/v2 v2.1.0 h1:NkCWj50N8LuufDhJBluOdIAqWlHuBx4o5Yr7lFzWvgM=
gopkg.in/check.v1 v0.0.0-20161208181325-20d25e280405 h1:yhCVgyC4o1eVCa2tZl7eS0r+SDo693bJlVdllGtEeKM=
gopkg.in/check.v1 v0.0.0-20161208181325-20d25e280405/go.mod h1:Co6ibVJAznAaIkqp8huTwlJQCZ016jof/cbN4VW5Yz0=
gopkg.in/yaml.v3 v3.0.1 h1:fxVm/GzAzEWqLHuvctI91KS9hhNmmWOoWu0XTYJS7CA=
gopkg.in/yaml.v3 v3.0.1/go.mod h1:K4uyk7z7BCEPqu6E+C64Yfv1cQ7kz7rIZviUmN+EgEM=
