github.com/creachadair/atomicfile v0.2.6 h1:FgYxYvGcqREApTY8Nxg8msM6P/KVKK3ob5h9FaRUTNg=
github.com/creachadair/atomicfile v0.2.6/go.mod h1:BRq8Une6ckFneYXZQ+kO7p1ZZP3I2fzVzf28JxrIkBc=
github.com/creachadair/command v0.0.0-20220426235536-a748effdf6a1 h1:r626P+s8TKpQaHwIaLmA2nGetfIVYEhtqcs3g2U1dC8=
github.com/creachadair/command v0.0.0-20220426235536-a748effdf6a1/go.mod h1:bAM+qFQb/KwWyCc9MLC4U1jvn3XyakqP5QRkds5T6cY=
github.com/creachadair/jhttp v0.0.0-20220426155725-42d8ba9f2669 h1:SpvSQcLKwK3+MqlxtaUFuPSMkWLn4+EMN1M9IqaXqhk=
github.com/creachadair/jhttp v0.0.0-20220426155725-42d8ba9f2669/go.mod h1:65J0yhuD3EL1u5/63Gn23BJmRuzAaA64wLijV6Pt4AU=
github.com/creachadair/twitter v0.0.0-20220427000808-3c069a2a292d h1:32g2CamJYl3LwmZNV5mgApDjnqBQclQbZlfyXZShS1g=
github.com/creachadair/twitter v0.0.0-20220427000808-3c069a2a292d/go.mod h1:NJV0rMaT4QYdVrW35UGJCg3Q5XsXN8/IsHl5lxzohOY=
github.com/dnaeon/go-vcr/v2 v2.0.1 h1:KQnAAR6r4GbcJ71KfVxM7qhX85oVj3A0zWbuoxpbYcA=
gopkg.in/check.v1 v0.0.0-20161208181325-20d25e280405 h1:yhCVgyC4o1eVCa2tZl7eS0r+SDo693bJlVdllGtEeKM=
gopkg.in/check.v1 v0.0.0-20161208181325-20d25e280405/go.mod h1:Co6ibVJAznAaIkqp8huTwlJQCZ016jof/cbN4VW5Yz0=
gopkg.in/yaml.v2 v2.4.0 h1:D8xgwECY7CYvx+Y2n4sBz93Jn9JRvxdiyyo8CTfuKaY=
gopkg.in/yaml.v3 v3.0.0-20210107192922-496545a6307b h1:h8qDotaEPuJATrMmW04NCwg7v22aHH28wwpauUhK9Oo=
gopkg.in/yaml.v3 v3.0.0-20210107192922-496545a6307b/go.mod h1:K4uyk7z7BCEPqu6E+C64Yfv1cQ7kz7rIZviUmN+EgEM=
